# THIS IS AN AUTOGENERATED FILE. DO NOT EDIT THIS FILE DIRECTLY.
# yarn lockfile v1


"@types/aws-lambda@>=8.x.x":
  version "8.10.26"
  resolved "https://registry.yarnpkg.com/@types/aws-lambda/-/aws-lambda-8.10.26.tgz#ebb164a95317b1350c5a57f719e8cb803a76fc97"
  integrity sha512-RI32vdCHAtKaFpjA9Wp2+VGrE4aagsiHhAEopWCcMDZreZjyC26Wlnwu2CZvqycMjKjZ1tLhpHIJC/VmjJIspQ==

"@types/node@10.x.x":
  version "10.14.7"
  resolved "https://registry.yarnpkg.com/@types/node/-/node-10.14.7.tgz#1854f0a9aa8d2cd6818d607b3d091346c6730362"
  integrity sha512-on4MmIDgHXiuJDELPk1NFaKVUxxCFr37tm8E9yN6rAiF5Pzp/9bBfBHkoexqRiY+hk/Z04EJU9kKEb59YqJ82A==

"@zeit/ncc@^0.18.5":
  version "0.18.5"
  resolved "https://registry.yarnpkg.com/@zeit/ncc/-/ncc-0.18.5.tgz#5687df6c32f1a2e2486aa110b3454ccebda4fb9c"
  integrity sha512-F+SbvEAh8rchiRXqQbmD1UmbePY7dCOKTbvfFtbVbK2xMH/tyri5YKfNxXKK7eL9EWkkbqB3NTVQO6nokApeBA==

prettier@^1.17.1:
  version "1.17.1"
  resolved "https://registry.yarnpkg.com/prettier/-/prettier-1.17.1.tgz#ed64b4e93e370cb8a25b9ef7fef3e4fd1c0995db"
  integrity sha512-TzGRNvuUSmPgwivDqkZ9tM/qTGW9hqDKWOE9YHiyQdixlKbv7kvEqsmDPrcHJTKwthU774TQwZXVtaQ/mMsvjg==

typescript@^3.5.1:
  version "3.5.1"
  resolved "https://registry.yarnpkg.com/typescript/-/typescript-3.5.1.tgz#ba72a6a600b2158139c5dd8850f700e231464202"
  integrity sha512-64HkdiRv1yYZsSe4xC1WVgamNigVYjlssIoaH2HcZF0+ijsk5YK2g0G34w9wJkze8+5ow4STd22AynfO6ZYYLw==
